// !$*UTF8*$!
{
	archiveVersion = 1;
	classes = {
	};
	objectVersion = 46;
	objects = {

/* Begin PBXBuildFile section */
		3B22EFD41C12DF6700A574C1 /* AppDelegate.swift in Sources */ = {isa = PBXBuildFile; fileRef = 3B22EFD31C12DF6700A574C1 /* AppDelegate.swift */; };
		3B22EFD61C12DF6700A574C1 /* ViewController.swift in Sources */ = {isa = PBXBuildFile; fileRef = 3B22EFD51C12DF6700A574C1 /* ViewController.swift */; };
		3B22EFD91C12DF6700A574C1 /* Main.storyboard in Resources */ = {isa = PBXBuildFile; fileRef = 3B22EFD71C12DF6700A574C1 /* Main.storyboard */; };
		3B22EFDB1C12DF6700A574C1 /* Assets.xcassets in Resources */ = {isa = PBXBuildFile; fileRef = 3B22EFDA1C12DF6700A574C1 /* Assets.xcassets */; };
		3B22EFDE1C12DF6700A574C1 /* LaunchScreen.storyboard in Resources */ = {isa = PBXBuildFile; fileRef = 3B22EFDC1C12DF6700A574C1 /* LaunchScreen.storyboard */; };
		3B22EFE91C12DF6700A574C1 /* BotoTests.swift in Sources */ = {isa = PBXBuildFile; fileRef = 3B22EFE81C12DF6700A574C1 /* BotoTests.swift */; };
/* End PBXBuildFile section */

/* Begin PBXContainerItemProxy section */
		3B22EFE51C12DF6700A574C1 /* PBXContainerItemProxy */ = {
			isa = PBXContainerItemProxy;
			containerPortal = 3B22EFC81C12DF6700A574C1 /* Project object */;
			proxyType = 1;
			remoteGlobalIDString = 3B22EFCF1C12DF6700A574C1;
			remoteInfo = Boto;
		};
/* End PBXContainerItemProxy section */

/* Begin PBXFileReference section */
		3B22EFD01C12DF6700A574C1 /* Boto.app */ = {isa = PBXFileReference; explicitFileType = wrapper.application; includeInIndex = 0; path = Boto.app; sourceTree = BUILT_PRODUCTS_DIR; };
		3B22EFD31C12DF6700A574C1 /* AppDelegate.swift */ = {isa = PBXFileReference; lastKnownFileType = sourcecode.swift; path = AppDelegate.swift; sourceTree = "<group>"; };
		3B22EFD51C12DF6700A574C1 /* ViewController.swift */ = {isa = PBXFileReference; lastKnownFileType = sourcecode.swift; path = ViewController.swift; sourceTree = "<group>"; };
		3B22EFD81C12DF6700A574C1 /* Base */ = {isa = PBXFileReference; lastKnownFileType = file.storyboard; name = Base; path = Base.lproj/Main.storyboard; sourceTree = "<group>"; };
		3B22EFDA1C12DF6700A574C1 /* Assets.xcassets */ = {isa = PBXFileReference; lastKnownFileType = folder.assetcatalog; path = Assets.xcassets; sourceTree = "<group>"; };
		3B22EFDD1C12DF6700A574C1 /* Base */ = {isa = PBXFileReference; lastKnownFileType = file.storyboard; name = Base; path = Base.lproj/LaunchScreen.storyboard; sourceTree = "<group>"; };
		3B22EFDF1C12DF6700A574C1 /* Info.plist */ = {isa = PBXFileReference; lastKnownFileType = text.plist.xml; path = Info.plist; sourceTree = "<group>"; };
		3B22EFE41C12DF6700A574C1 /* BotoTests.xctest */ = {isa = PBXFileReference; explicitFileType = wrapper.cfbundle; includeInIndex = 0; path = BotoTests.xctest; sourceTree = BUILT_PRODUCTS_DIR; };
		3B22EFE81C12DF6700A574C1 /* BotoTests.swift */ = {isa = PBXFileReference; lastKnownFileType = sourcecode.swift; path = BotoTests.swift; sourceTree = "<group>"; };
		3B22EFEA1C12DF6700A574C1 /* Info.plist */ = {isa = PBXFileReference; lastKnownFileType = text.plist.xml; path = Info.plist; sourceTree = "<group>"; };
/* End PBXFileReference section */

/* Begin PBXFrameworksBuildPhase section */
		3B22EFCD1C12DF6700A574C1 /* Frameworks */ = {
			isa = PBXFrameworksBuildPhase;
			buildActionMask = 2147483647;
			files = (
			);
			runOnlyForDeploymentPostprocessing = 0;
		};
		3B22EFE11C12DF6700A574C1 /* Frameworks */ = {
			isa = PBXFrameworksBuildPhase;
			buildActionMask = 2147483647;
			files = (
			);
			runOnlyForDeploymentPostprocessing = 0;
		};
/* End PBXFrameworksBuildPhase section */

/* Begin PBXGroup section */
		3B22EFC71C12DF6700A574C1 = {
			isa = PBXGroup;
			children = (
				3B22EFD21C12DF6700A574C1 /* Boto */,
				3B22EFE71C12DF6700A574C1 /* BotoTests */,
				3B22EFD11C12DF6700A574C1 /* Products */,
			);
			sourceTree = "<group>";
		};
		3B22EFD11C12DF6700A574C1 /* Products */ = {
			isa = PBXGroup;
			children = (
				3B22EFD01C12DF6700A574C1 /* Boto.app */,
				3B22EFE41C12DF6700A574C1 /* BotoTests.xctest */,
			);
			name = Products;
			sourceTree = "<group>";
		};
		3B22EFD21C12DF6700A574C1 /* Boto */ = {
			isa = PBXGroup;
			children = (
				3B22EFD31C12DF6700A574C1 /* AppDelegate.swift */,
				3B22EFD51C12DF6700A574C1 /* ViewController.swift */,
				3B22EFD71C12DF6700A574C1 /* Main.storyboard */,
				3B22EFDA1C12DF6700A574C1 /* Assets.xcassets */,
				3B22EFDC1C12DF6700A574C1 /* LaunchScreen.storyboard */,
				3B22EFDF1C12DF6700A574C1 /* Info.plist */,
			);
			path = Boto;
			sourceTree = "<group>";
		};
		3B22EFE71C12DF6700A574C1 /* BotoTests */ = {
			isa = PBXGroup;
			children = (
				3B22EFE81C12DF6700A574C1 /* BotoTests.swift */,
				3B22EFEA1C12DF6700A574C1 /* Info.plist */,
			);
			path = BotoTests;
			sourceTree = "<group>";
		};
/* End PBXGroup section */

/* Begin PBXNativeTarget section */
		3B22EFCF1C12DF6700A574C1 /* Boto */ = {
			isa = PBXNativeTarget;
			buildConfigurationList = 3B22EFED1C12DF6700A574C1 /* Build configuration list for PBXNativeTarget "Boto" */;
			buildPhases = (
				3B22EFCC1C12DF6700A574C1 /* Sources */,
				3B22EFCD1C12DF6700A574C1 /* Frameworks */,
				3B22EFCE1C12DF6700A574C1 /* Resources */,
			);
			buildRules = (
			);
			dependencies = (
			);
			name = Boto;
			productName = Boto;
			productReference = 3B22EFD01C12DF6700A574C1 /* Boto.app */;
			productType = "com.apple.product-type.application";
		};
		3B22EFE31C12DF6700A574C1 /* BotoTests */ = {
			isa = PBXNativeTarget;
			buildConfigurationList = 3B22EFF01C12DF6700A574C1 /* Build configuration list for PBXNativeTarget "BotoTests" */;
			buildPhases = (
				3B22EFE01C12DF6700A574C1 /* Sources */,
				3B22EFE11C12DF6700A574C1 /* Frameworks */,
				3B22EFE21C12DF6700A574C1 /* Resources */,
			);
			buildRules = (
			);
			dependencies = (
				3B22EFE61C12DF6700A574C1 /* PBXTargetDependency */,
			);
			name = BotoTests;
			productName = BotoTests;
			productReference = 3B22EFE41C12DF6700A574C1 /* BotoTests.xctest */;
			productType = "com.apple.product-type.bundle.unit-test";
		};
/* End PBXNativeTarget section */

/* Begin PBXProject section */
		3B22EFC81C12DF6700A574C1 /* Project object */ = {
			isa = PBXProject;
			attributes = {
				LastSwiftUpdateCheck = 0710;
				LastUpgradeCheck = 0710;
				ORGANIZATIONNAME = "Joseph Christian Noel";
				TargetAttributes = {
					3B22EFCF1C12DF6700A574C1 = {
						CreatedOnToolsVersion = 7.1.1;
						DevelopmentTeam = 3MP64RH4AD;
					};
					3B22EFE31C12DF6700A574C1 = {
						CreatedOnToolsVersion = 7.1.1;
						DevelopmentTeam = 3MP64RH4AD;
						TestTargetID = 3B22EFCF1C12DF6700A574C1;
					};
				};
			};
			buildConfigurationList = 3B22EFCB1C12DF6700A574C1 /* Build configuration list for PBXProject "Boto" */;
			compatibilityVersion = "Xcode 3.2";
			developmentRegion = English;
			hasScannedForEncodings = 0;
			knownRegions = (
				en,
				Base,
			);
			mainGroup = 3B22EFC71C12DF6700A574C1;
			productRefGroup = 3B22EFD11C12DF6700A574C1 /* Products */;
			projectDirPath = "";
			projectRoot = "";
			targets = (
				3B22EFCF1C12DF6700A574C1 /* Boto */,
				3B22EFE31C12DF6700A574C1 /* BotoTests */,
			);
		};
/* End PBXProject section */

/* Begin PBXResourcesBuildPhase section */
		3B22EFCE1C12DF6700A574C1 /* Resources */ = {
			isa = PBXResourcesBuildPhase;
			buildActionMask = 2147483647;
			files = (
				3B22EFDE1C12DF6700A574C1 /* LaunchScreen.storyboard in Resources */,
				3B22EFDB1C12DF6700A574C1 /* Assets.xcassets in Resources */,
				3B22EFD91C12DF6700A574C1 /* Main.storyboard in Resources */,
			);
			runOnlyForDeploymentPostprocessing = 0;
		};
		3B22EFE21C12DF6700A574C1 /* Resources */ = {
			isa = PBXResourcesBuildPhase;
			buildActionMask = 2147483647;
			files = (
			);
			runOnlyForDeploymentPostprocessing = 0;
		};
/* End PBXResourcesBuildPhase section */

/* Begin PBXSourcesBuildPhase section */
		3B22EFCC1C12DF6700A574C1 /* Sources */ = {
			isa = PBXSourcesBuildPhase;
			buildActionMask = 2147483647;
			files = (
				3B22EFD61C12DF6700A574C1 /* ViewController.swift in Sources */,
				3B22EFD41C12DF6700A574C1 /* AppDelegate.swift in Sources */,
			);
			runOnlyForDeploymentPostprocessing = 0;
		};
		3B22EFE01C12DF6700A574C1 /* Sources */ = {
			isa = PBXSourcesBuildPhase;
			buildActionMask = 2147483647;
			files = (
				3B22EFE91C12DF6700A574C1 /* BotoTests.swift in Sources */,
			);
			runOnlyForDeploymentPostprocessing = 0;
		};
/* End PBXSourcesBuildPhase section */

/* Begin PBXTargetDependency section */
		3B22EFE61C12DF6700A574C1 /* PBXTargetDependency */ = {
			isa = PBXTargetDependency;
			target = 3B22EFCF1C12DF6700A574C1 /* Boto */;
			targetProxy = 3B22EFE51C12DF6700A574C1 /* PBXContainerItemProxy */;
		};
/* End PBXTargetDependency section */

/* Begin PBXVariantGroup section */
		3B22EFD71C12DF6700A574C1 /* Main.storyboard */ = {
			isa = PBXVariantGroup;
			children = (
				3B22EFD81C12DF6700A574C1 /* Base */,
			);
			name = Main.storyboard;
			sourceTree = "<group>";
		};
		3B22EFDC1C12DF6700A574C1 /* LaunchScreen.storyboard */ = {
			isa = PBXVariantGroup;
			children = (
				3B22EFDD1C12DF6700A574C1 /* Base */,
			);
			name = LaunchScreen.storyboard;
			sourceTree = "<group>";
		};
/* End PBXVariantGroup section */

/* Begin XCBuildConfiguration section */
		3B22EFEB1C12DF6700A574C1 /* Debug */ = {
			isa = XCBuildConfiguration;
			buildSettings = {
				ALWAYS_SEARCH_USER_PATHS = NO;
				CLANG_CXX_LANGUAGE_STANDARD = "gnu++0x";
				CLANG_CXX_LIBRARY = "libc++";
				CLANG_ENABLE_MODULES = YES;
				CLANG_ENABLE_OBJC_ARC = YES;
				CLANG_WARN_BOOL_CONVERSION = YES;
				CLANG_WARN_CONSTANT_CONVERSION = YES;
				CLANG_WARN_DIRECT_OBJC_ISA_USAGE = YES_ERROR;
				CLANG_WARN_EMPTY_BODY = YES;
				CLANG_WARN_ENUM_CONVERSION = YES;
				CLANG_WARN_INT_CONVERSION = YES;
				CLANG_WARN_OBJC_ROOT_CLASS = YES_ERROR;
				CLANG_WARN_UNREACHABLE_CODE = YES;
				CLANG_WARN__DUPLICATE_METHOD_MATCH = YES;
				"CODE_SIGN_IDENTITY[sdk=iphoneos*]" = "iPhone Developer";
				COPY_PHASE_STRIP = NO;
				DEBUG_INFORMATION_FORMAT = dwarf;
				ENABLE_STRICT_OBJC_MSGSEND = YES;
				ENABLE_TESTABILITY = YES;
				GCC_C_LANGUAGE_STANDARD = gnu99;
				GCC_DYNAMIC_NO_PIC = NO;
				GCC_NO_COMMON_BLOCKS = YES;
				GCC_OPTIMIZATION_LEVEL = 0;
				GCC_PREPROCESSOR_DEFINITIONS = (
					"DEBUG=1",
					"$(inherited)",
				);
				GCC_WARN_64_TO_32_BIT_CONVERSION = YES;
				GCC_WARN_ABOUT_RETURN_TYPE = YES_ERROR;
				GCC_WARN_UNDECLARED_SELECTOR = YES;
				GCC_WARN_UNINITIALIZED_AUTOS = YES_AGGRESSIVE;
				GCC_WARN_UNUSED_FUNCTION = YES;
				GCC_WARN_UNUSED_VARIABLE = YES;
				IPHONEOS_DEPLOYMENT_TARGET = 9.1;
				MTL_ENABLE_DEBUG_INFO = YES;
				ONLY_ACTIVE_ARCH = YES;
				SDKROOT = iphoneos;
				SWIFT_OPTIMIZATION_LEVEL = "-Onone";
			};
			name = Debug;
		};
		3B22EFEC1C12DF6700A574C1 /* Release */ = {
			isa = XCBuildConfiguration;
			buildSettings = {
				ALWAYS_SEARCH_USER_PATHS = NO;
				CLANG_CXX_LANGUAGE_STANDARD = "gnu++0x";
				CLANG_CXX_LIBRARY = "libc++";
				CLANG_ENABLE_MODULES = YES;
				CLANG_ENABLE_OBJC_ARC = YES;
				CLANG_WARN_BOOL_CONVERSION = YES;
				CLANG_WARN_CONSTANT_CONVERSION = YES;
				CLANG_WARN_DIRECT_OBJC_ISA_USAGE = YES_ERROR;
				CLANG_WARN_EMPTY_BODY = YES;
				CLANG_WARN_ENUM_CONVERSION = YES;
				CLANG_WARN_INT_CONVERSION = YES;
				CLANG_WARN_OBJC_ROOT_CLASS = YES_ERROR;
				CLANG_WARN_UNREACHABLE_CODE = YES;
				CLANG_WARN__DUPLICATE_METHOD_MATCH = YES;
				"CODE_SIGN_IDENTITY[sdk=iphoneos*]" = "iPhone Developer";
				COPY_PHASE_STRIP = NO;
				DEBUG_INFORMATION_FORMAT = "dwarf-with-dsym";
				ENABLE_NS_ASSERTIONS = NO;
				ENABLE_STRICT_OBJC_MSGSEND = YES;
				GCC_C_LANGUAGE_STANDARD = gnu99;
				GCC_NO_COMMON_BLOCKS = YES;
				GCC_WARN_64_TO_32_BIT_CONVERSION = YES;
				GCC_WARN_ABOUT_RETURN_TYPE = YES_ERROR;
				GCC_WARN_UNDECLARED_SELECTOR = YES;
				GCC_WARN_UNINITIALIZED_AUTOS = YES_AGGRESSIVE;
				GCC_WARN_UNUSED_FUNCTION = YES;
				GCC_WARN_UNUSED_VARIABLE = YES;
				IPHONEOS_DEPLOYMENT_TARGET = 9.1;
				MTL_ENABLE_DEBUG_INFO = NO;
				SDKROOT = iphoneos;
				VALIDATE_PRODUCT = YES;
			};
			name = Release;
		};
		3B22EFEE1C12DF6700A574C1 /* Debug */ = {
			isa = XCBuildConfiguration;
			buildSettings = {
				ASSETCATALOG_COMPILER_APPICON_NAME = AppIcon;
				INFOPLIST_FILE = Boto/Info.plist;
				LD_RUNPATH_SEARCH_PATHS = "$(inherited) @executable_path/Frameworks";
				PRODUCT_BUNDLE_IDENTIFIER = com.noel.Boto;
				PRODUCT_NAME = "$(TARGET_NAME)";
			};
			name = Debug;
		};
		3B22EFEF1C12DF6700A574C1 /* Release */ = {
			isa = XCBuildConfiguration;
			buildSettings = {
				ASSETCATALOG_COMPILER_APPICON_NAME = AppIcon;
				INFOPLIST_FILE = Boto/Info.plist;
				LD_RUNPATH_SEARCH_PATHS = "$(inherited) @executable_path/Frameworks";
				PRODUCT_BUNDLE_IDENTIFIER = com.noel.Boto;
				PRODUCT_NAME = "$(TARGET_NAME)";
			};
			name = Release;
		};
		3B22EFF11C12DF6700A574C1 /* Debug */ = {
			isa = XCBuildConfiguration;
			buildSettings = {
				BUNDLE_LOADER = "$(TEST_HOST)";
				INFOPLIST_FILE = BotoTests/Info.plist;
				LD_RUNPATH_SEARCH_PATHS = "$(inherited) @executable_path/Frameworks @loader_path/Frameworks";
				PRODUCT_BUNDLE_IDENTIFIER = com.noel.BotoTests;
				PRODUCT_NAME = "$(TARGET_NAME)";
				TEST_HOST = "$(BUILT_PRODUCTS_DIR)/Boto.app/Boto";
			};
			name = Debug;
		};
		3B22EFF21C12DF6700A574C1 /* Release */ = {
			isa = XCBuildConfiguration;
			buildSettings = {
				BUNDLE_LOADER = "$(TEST_HOST)";
				INFOPLIST_FILE = BotoTests/Info.plist;
				LD_RUNPATH_SEARCH_PATHS = "$(inherited) @executable_path/Frameworks @loader_path/Frameworks";
				PRODUCT_BUNDLE_IDENTIFIER = com.noel.BotoTests;
				PRODUCT_NAME = "$(TARGET_NAME)";
				TEST_HOST = "$(BUILT_PRODUCTS_DIR)/Boto.app/Boto";
			};
			name = Release;
		};
/* End XCBuildConfiguration section */

/* Begin XCConfigurationList section */
		3B22EFCB1C12DF6700A574C1 /* Build configuration list for PBXProject "Boto" */ = {
			isa = XCConfigurationList;
			buildConfigurations = (
				3B22EFEB1C12DF6700A574C1 /* Debug */,
				3B22EFEC1C12DF6700A574C1 /* Release */,
			);
			defaultConfigurationIsVisible = 0;
			defaultConfigurationName = Release;
		};
		3B22EFED1C12DF6700A574C1 /* Build configuration list for PBXNativeTarget "Boto" */ = {
			isa = XCConfigurationList;
			buildConfigurations = (
				3B22EFEE1C12DF6700A574C1 /* Debug */,
				3B22EFEF1C12DF6700A574C1 /* Release */,
			);
			defaultConfigurationIsVisible = 0;
		};
		3B22EFF01C12DF6700A574C1 /* Build configuration list for PBXNativeTarget "BotoTests" */ = {
			isa = XCConfigurationList;
			buildConfigurations = (
				3B22EFF11C12DF6700A574C1 /* Debug */,
				3B22EFF21C12DF6700A574C1 /* Release */,
			);
			defaultConfigurationIsVisible = 0;
		};
/* End XCConfigurationList section */
	};
	rootObject = 3B22EFC81C12DF6700A574C1 /* Project object */;
}
